// !$*UTF8*$!
{
	archiveVersion = 1;
	classes = {
	};
	objectVersion = 55;
	objects = {

/* Begin PBXBuildFile section */
		BD65862A28AC067E00517552 /* AppDelegate.swift in Sources */ = {isa = PBXBuildFile; fileRef = BD65862928AC067E00517552 /* AppDelegate.swift */; };
		BD65862C28AC067E00517552 /* SceneDelegate.swift in Sources */ = {isa = PBXBuildFile; fileRef = BD65862B28AC067E00517552 /* SceneDelegate.swift */; };
		BD65862E28AC067E00517552 /* ViewController.swift in Sources */ = {isa = PBXBuildFile; fileRef = BD65862D28AC067E00517552 /* ViewController.swift */; };
		BD65863128AC067E00517552 /* Main.storyboard in Resources */ = {isa = PBXBuildFile; fileRef = BD65862F28AC067E00517552 /* Main.storyboard */; };
		BD65863428AC067E00517552 /* sensoryRoom.xcdatamodeld in Sources */ = {isa = PBXBuildFile; fileRef = BD65863228AC067E00517552 /* sensoryRoom.xcdatamodeld */; };
		BD65863628AC068000517552 /* Assets.xcassets in Resources */ = {isa = PBXBuildFile; fileRef = BD65863528AC068000517552 /* Assets.xcassets */; };
		BD65863928AC068000517552 /* LaunchScreen.storyboard in Resources */ = {isa = PBXBuildFile; fileRef = BD65863728AC068000517552 /* LaunchScreen.storyboard */; };
		BD65864128AC078D00517552 /* ViewController2.swift in Sources */ = {isa = PBXBuildFile; fileRef = BD65864028AC078D00517552 /* ViewController2.swift */; };
		BD65864328AC081000517552 /* ViewController3.swift in Sources */ = {isa = PBXBuildFile; fileRef = BD65864228AC081000517552 /* ViewController3.swift */; };
		BD65864528AC082B00517552 /* ViewController4.swift in Sources */ = {isa = PBXBuildFile; fileRef = BD65864428AC082B00517552 /* ViewController4.swift */; };
		BD65864728AC084800517552 /* ViewController5.swift in Sources */ = {isa = PBXBuildFile; fileRef = BD65864628AC084800517552 /* ViewController5.swift */; };
/* End PBXBuildFile section */

/* Begin PBXFileReference section */
		BD65862628AC067E00517552 /* sensoryRoom.app */ = {isa = PBXFileReference; explicitFileType = wrapper.application; includeInIndex = 0; path = sensoryRoom.app; sourceTree = BUILT_PRODUCTS_DIR; };
		BD65862928AC067E00517552 /* AppDelegate.swift */ = {isa = PBXFileReference; lastKnownFileType = sourcecode.swift; path = AppDelegate.swift; sourceTree = "<group>"; };
		BD65862B28AC067E00517552 /* SceneDelegate.swift */ = {isa = PBXFileReference; lastKnownFileType = sourcecode.swift; path = SceneDelegate.swift; sourceTree = "<group>"; };
		BD65862D28AC067E00517552 /* ViewController.swift */ = {isa = PBXFileReference; lastKnownFileType = sourcecode.swift; path = ViewController.swift; sourceTree = "<group>"; };
		BD65863028AC067E00517552 /* Base */ = {isa = PBXFileReference; lastKnownFileType = file.storyboard; name = Base; path = Base.lproj/Main.storyboard; sourceTree = "<group>"; };
		BD65863328AC067E00517552 /* sensoryRoom.xcdatamodel */ = {isa = PBXFileReference; lastKnownFileType = wrapper.xcdatamodel; path = sensoryRoom.xcdatamodel; sourceTree = "<group>"; };
		BD65863528AC068000517552 /* Assets.xcassets */ = {isa = PBXFileReference; lastKnownFileType = folder.assetcatalog; path = Assets.xcassets; sourceTree = "<group>"; };
		BD65863828AC068000517552 /* Base */ = {isa = PBXFileReference; lastKnownFileType = file.storyboard; name = Base; path = Base.lproj/LaunchScreen.storyboard; sourceTree = "<group>"; };
		BD65863A28AC068000517552 /* Info.plist */ = {isa = PBXFileReference; lastKnownFileType = text.plist.xml; path = Info.plist; sourceTree = "<group>"; };
		BD65864028AC078D00517552 /* ViewController2.swift */ = {isa = PBXFileReference; lastKnownFileType = sourcecode.swift; path = ViewController2.swift; sourceTree = "<group>"; };
		BD65864228AC081000517552 /* ViewController3.swift */ = {isa = PBXFileReference; lastKnownFileType = sourcecode.swift; path = ViewController3.swift; sourceTree = "<group>"; };
		BD65864428AC082B00517552 /* ViewController4.swift */ = {isa = PBXFileReference; lastKnownFileType = sourcecode.swift; path = ViewController4.swift; sourceTree = "<group>"; };
		BD65864628AC084800517552 /* ViewController5.swift */ = {isa = PBXFileReference; lastKnownFileType = sourcecode.swift; path = ViewController5.swift; sourceTree = "<group>"; };
/* End PBXFileReference section */

/* Begin PBXFrameworksBuildPhase section */
		BD65862328AC067E00517552 /* Frameworks */ = {
			isa = PBXFrameworksBuildPhase;
			buildActionMask = 2147483647;
			files = (
			);
			runOnlyForDeploymentPostprocessing = 0;
		};
/* End PBXFrameworksBuildPhase section */

/* Begin PBXGroup section */
		BD65861D28AC067E00517552 = {
			isa = PBXGroup;
			children = (
				BD65862828AC067E00517552 /* sensoryRoom */,
				BD65862728AC067E00517552 /* Products */,
			);
			sourceTree = "<group>";
		};
		BD65862728AC067E00517552 /* Products */ = {
			isa = PBXGroup;
			children = (
				BD65862628AC067E00517552 /* sensoryRoom.app */,
			);
			name = Products;
			sourceTree = "<group>";
		};
		BD65862828AC067E00517552 /* sensoryRoom */ = {
			isa = PBXGroup;
			children = (
				BD65862928AC067E00517552 /* AppDelegate.swift */,
				BD65862B28AC067E00517552 /* SceneDelegate.swift */,
				BD65862D28AC067E00517552 /* ViewController.swift */,
				BD65862F28AC067E00517552 /* Main.storyboard */,
				BD65864628AC084800517552 /* ViewController5.swift */,
				BD65864428AC082B00517552 /* ViewController4.swift */,
				BD65864228AC081000517552 /* ViewController3.swift */,
				BD65864028AC078D00517552 /* ViewController2.swift */,
				BD65863528AC068000517552 /* Assets.xcassets */,
				BD65863728AC068000517552 /* LaunchScreen.storyboard */,
				BD65863A28AC068000517552 /* Info.plist */,
				BD65863228AC067E00517552 /* sensoryRoom.xcdatamodeld */,
			);
			path = sensoryRoom;
			sourceTree = "<group>";
		};
/* End PBXGroup section */

/* Begin PBXNativeTarget section */
		BD65862528AC067E00517552 /* sensoryRoom */ = {
			isa = PBXNativeTarget;
			buildConfigurationList = BD65863D28AC068000517552 /* Build configuration list for PBXNativeTarget "sensoryRoom" */;
			buildPhases = (
				BD65862228AC067E00517552 /* Sources */,
				BD65862328AC067E00517552 /* Frameworks */,
				BD65862428AC067E00517552 /* Resources */,
			);
			buildRules = (
			);
			dependencies = (
			);
			name = sensoryRoom;
			productName = sensoryRoom;
			productReference = BD65862628AC067E00517552 /* sensoryRoom.app */;
			productType = "com.apple.product-type.application";
		};
/* End PBXNativeTarget section */

/* Begin PBXProject section */
		BD65861E28AC067E00517552 /* Project object */ = {
			isa = PBXProject;
			attributes = {
				BuildIndependentTargetsInParallel = 1;
				LastSwiftUpdateCheck = 1340;
				LastUpgradeCheck = 1340;
				TargetAttributes = {
					BD65862528AC067E00517552 = {
						CreatedOnToolsVersion = 13.4.1;
					};
				};
			};
			buildConfigurationList = BD65862128AC067E00517552 /* Build configuration list for PBXProject "sensoryRoom" */;
			compatibilityVersion = "Xcode 13.0";
			developmentRegion = en;
			hasScannedForEncodings = 0;
			knownRegions = (
				en,
				Base,
			);
			mainGroup = BD65861D28AC067E00517552;
			productRefGroup = BD65862728AC067E00517552 /* Products */;
			projectDirPath = "";
			projectRoot = "";
			targets = (
				BD65862528AC067E00517552 /* sensoryRoom */,
			);
		};
/* End PBXProject section */

/* Begin PBXResourcesBuildPhase section */
		BD65862428AC067E00517552 /* Resources */ = {
			isa = PBXResourcesBuildPhase;
			buildActionMask = 2147483647;
			files = (
				BD65863928AC068000517552 /* LaunchScreen.storyboard in Resources */,
				BD65863628AC068000517552 /* Assets.xcassets in Resources */,
				BD65863128AC067E00517552 /* Main.storyboard in Resources */,
			);
			runOnlyForDeploymentPostprocessing = 0;
		};
/* End PBXResourcesBuildPhase section */

/* Begin PBXSourcesBuildPhase section */
		BD65862228AC067E00517552 /* Sources */ = {
			isa = PBXSourcesBuildPhase;
			buildActionMask = 2147483647;
			files = (
				BD65864128AC078D00517552 /* ViewController2.swift in Sources */,
				BD65864528AC082B00517552 /* ViewController4.swift in Sources */,
				BD65863428AC067E00517552 /* sensoryRoom.xcdatamodeld in Sources */,
				BD65864328AC081000517552 /* ViewController3.swift in Sources */,
				BD65864728AC084800517552 /* ViewController5.swift in Sources */,
				BD65862E28AC067E00517552 /* ViewController.swift in Sources */,
				BD65862A28AC067E00517552 /* AppDelegate.swift in Sources */,
				BD65862C28AC067E00517552 /* SceneDelegate.swift in Sources */,
			);
			runOnlyForDeploymentPostprocessing = 0;
		};
/* End PBXSourcesBuildPhase section */

/* Begin PBXVariantGroup section */
		BD65862F28AC067E00517552 /* Main.storyboard */ = {
			isa = PBXVariantGroup;
			children = (
				BD65863028AC067E00517552 /* Base */,
			);
			name = Main.storyboard;
			sourceTree = "<group>";
		};
		BD65863728AC068000517552 /* LaunchScreen.storyboard */ = {
			isa = PBXVariantGroup;
			children = (
				BD65863828AC068000517552 /* Base */,
			);
			name = LaunchScreen.storyboard;
			sourceTree = "<group>";
		};
/* End PBXVariantGroup section */

/* Begin XCBuildConfiguration section */
		BD65863B28AC068000517552 /* Debug */ = {
			isa = XCBuildConfiguration;
			buildSettings = {
				ALWAYS_SEARCH_USER_PATHS = NO;
				CLANG_ANALYZER_NONNULL = YES;
				CLANG_ANALYZER_NUMBER_OBJECT_CONVERSION = YES_AGGRESSIVE;
				CLANG_CXX_LANGUAGE_STANDARD = "gnu++17";
				CLANG_ENABLE_MODULES = YES;
				CLANG_ENABLE_OBJC_ARC = YES;
				CLANG_ENABLE_OBJC_WEAK = YES;
				CLANG_WARN_BLOCK_CAPTURE_AUTORELEASING = YES;
				CLANG_WARN_BOOL_CONVERSION = YES;
				CLANG_WARN_COMMA = YES;
				CLANG_WARN_CONSTANT_CONVERSION = YES;
				CLANG_WARN_DEPRECATED_OBJC_IMPLEMENTATIONS = YES;
				CLANG_WARN_DIRECT_OBJC_ISA_USAGE = YES_ERROR;
				CLANG_WARN_DOCUMENTATION_COMMENTS = YES;
				CLANG_WARN_EMPTY_BODY = YES;
				CLANG_WARN_ENUM_CONVERSION = YES;
				CLANG_WARN_INFINITE_RECURSION = YES;
				CLANG_WARN_INT_CONVERSION = YES;
				CLANG_WARN_NON_LITERAL_NULL_CONVERSION = YES;
				CLANG_WARN_OBJC_IMPLICIT_RETAIN_SELF = YES;
				CLANG_WARN_OBJC_LITERAL_CONVERSION = YES;
				CLANG_WARN_OBJC_ROOT_CLASS = YES_ERROR;
				CLANG_WARN_QUOTED_INCLUDE_IN_FRAMEWORK_HEADER = YES;
				CLANG_WARN_RANGE_LOOP_ANALYSIS = YES;
				CLANG_WARN_STRICT_PROTOTYPES = YES;
				CLANG_WARN_SUSPICIOUS_MOVE = YES;
				CLANG_WARN_UNGUARDED_AVAILABILITY = YES_AGGRESSIVE;
				CLANG_WARN_UNREACHABLE_CODE = YES;
				CLANG_WARN__DUPLICATE_METHOD_MATCH = YES;
				COPY_PHASE_STRIP = NO;
				DEBUG_INFORMATION_FORMAT = dwarf;
				ENABLE_STRICT_OBJC_MSGSEND = YES;
				ENABLE_TESTABILITY = YES;
				GCC_C_LANGUAGE_STANDARD = gnu11;
				GCC_DYNAMIC_NO_PIC = NO;
				GCC_NO_COMMON_BLOCKS = YES;
				GCC_OPTIMIZATION_LEVEL = 0;
				GCC_PREPROCESSOR_DEFINITIONS = (
					"DEBUG=1",
					"$(inherited)",
				);
				GCC_WARN_64_TO_32_BIT_CONVERSION = YES;
				GCC_WARN_ABOUT_RETURN_TYPE = YES_ERROR;
				GCC_WARN_UNDECLARED_SELECTOR = YES;
				GCC_WARN_UNINITIALIZED_AUTOS = YES_AGGRESSIVE;
				GCC_WARN_UNUSED_FUNCTION = YES;
				GCC_WARN_UNUSED_VARIABLE = YES;
				IPHONEOS_DEPLOYMENT_TARGET = 15.5;
				MTL_ENABLE_DEBUG_INFO = INCLUDE_SOURCE;
				MTL_FAST_MATH = YES;
				ONLY_ACTIVE_ARCH = YES;
				SDKROOT = iphoneos;
				SWIFT_ACTIVE_COMPILATION_CONDITIONS = DEBUG;
				SWIFT_OPTIMIZATION_LEVEL = "-Onone";
			};
			name = Debug;
		};
		BD65863C28AC068000517552 /* Release */ = {
			isa = XCBuildConfiguration;
			buildSettings = {
				ALWAYS_SEARCH_USER_PATHS = NO;
				CLANG_ANALYZER_NONNULL = YES;
				CLANG_ANALYZER_NUMBER_OBJECT_CONVERSION = YES_AGGRESSIVE;
				CLANG_CXX_LANGUAGE_STANDARD = "gnu++17";
				CLANG_ENABLE_MODULES = YES;
				CLANG_ENABLE_OBJC_ARC = YES;
				CLANG_ENABLE_OBJC_WEAK = YES;
				CLANG_WARN_BLOCK_CAPTURE_AUTORELEASING = YES;
				CLANG_WARN_BOOL_CONVERSION = YES;
				CLANG_WARN_COMMA = YES;
				CLANG_WARN_CONSTANT_CONVERSION = YES;
				CLANG_WARN_DEPRECATED_OBJC_IMPLEMENTATIONS = YES;
				CLANG_WARN_DIRECT_OBJC_ISA_USAGE = YES_ERROR;
				CLANG_WARN_DOCUMENTATION_COMMENTS = YES;
				CLANG_WARN_EMPTY_BODY = YES;
				CLANG_WARN_ENUM_CONVERSION = YES;
				CLANG_WARN_INFINITE_RECURSION = YES;
				CLANG_WARN_INT_CONVERSION = YES;
				CLANG_WARN_NON_LITERAL_NULL_CONVERSION = YES;
				CLANG_WARN_OBJC_IMPLICIT_RETAIN_SELF = YES;
				CLANG_WARN_OBJC_LITERAL_CONVERSION = YES;
				CLANG_WARN_OBJC_ROOT_CLASS = YES_ERROR;
				CLANG_WARN_QUOTED_INCLUDE_IN_FRAMEWORK_HEADER = YES;
				CLANG_WARN_RANGE_LOOP_ANALYSIS = YES;
				CLANG_WARN_STRICT_PROTOTYPES = YES;
				CLANG_WARN_SUSPICIOUS_MOVE = YES;
				CLANG_WARN_UNGUARDED_AVAILABILITY = YES_AGGRESSIVE;
				CLANG_WARN_UNREACHABLE_CODE = YES;
				CLANG_WARN__DUPLICATE_METHOD_MATCH = YES;
				COPY_PHASE_STRIP = NO;
				DEBUG_INFORMATION_FORMAT = "dwarf-with-dsym";
				ENABLE_NS_ASSERTIONS = NO;
				ENABLE_STRICT_OBJC_MSGSEND = YES;
				GCC_C_LANGUAGE_STANDARD = gnu11;
				GCC_NO_COMMON_BLOCKS = YES;
				GCC_WARN_64_TO_32_BIT_CONVERSION = YES;
				GCC_WARN_ABOUT_RETURN_TYPE = YES_ERROR;
				GCC_WARN_UNDECLARED_SELECTOR = YES;
				GCC_WARN_UNINITIALIZED_AUTOS = YES_AGGRESSIVE;
				GCC_WARN_UNUSED_FUNCTION = YES;
				GCC_WARN_UNUSED_VARIABLE = YES;
				IPHONEOS_DEPLOYMENT_TARGET = 15.5;
				MTL_ENABLE_DEBUG_INFO = NO;
				MTL_FAST_MATH = YES;
				SDKROOT = iphoneos;
				SWIFT_COMPILATION_MODE = wholemodule;
				SWIFT_OPTIMIZATION_LEVEL = "-O";
				VALIDATE_PRODUCT = YES;
			};
			name = Release;
		};
		BD65863E28AC068000517552 /* Debug */ = {
			isa = XCBuildConfiguration;
			buildSettings = {
				ASSETCATALOG_COMPILER_APPICON_NAME = AppIcon;
				ASSETCATALOG_COMPILER_GLOBAL_ACCENT_COLOR_NAME = AccentColor;
				CODE_SIGN_STYLE = Automatic;
				CURRENT_PROJECT_VERSION = 1;
				GENERATE_INFOPLIST_FILE = YES;
				INFOPLIST_FILE = sensoryRoom/Info.plist;
				INFOPLIST_KEY_UIApplicationSupportsIndirectInputEvents = YES;
				INFOPLIST_KEY_UILaunchStoryboardName = LaunchScreen;
				INFOPLIST_KEY_UIMainStoryboardFile = Main;
				INFOPLIST_KEY_UISupportedInterfaceOrientations_iPad = "UIInterfaceOrientationPortrait UIInterfaceOrientationPortraitUpsideDown UIInterfaceOrientationLandscapeLeft UIInterfaceOrientationLandscapeRight";
				INFOPLIST_KEY_UISupportedInterfaceOrientations_iPhone = "UIInterfaceOrientationPortrait UIInterfaceOrientationLandscapeLeft UIInterfaceOrientationLandscapeRight";
				LD_RUNPATH_SEARCH_PATHS = (
					"$(inherited)",
					"@executable_path/Frameworks",
				);
				MARKETING_VERSION = 1.0;
				PRODUCT_BUNDLE_IDENTIFIER = KWK.sensoryRoom;
				PRODUCT_NAME = "$(TARGET_NAME)";
				SWIFT_EMIT_LOC_STRINGS = YES;
				SWIFT_VERSION = 5.0;
				TARGETED_DEVICE_FAMILY = "1,2";
			};
			name = Debug;
		};
		BD65863F28AC068000517552 /* Release */ = {
			isa = XCBuildConfiguration;
			buildSettings = {
				ASSETCATALOG_COMPILER_APPICON_NAME = AppIcon;
				ASSETCATALOG_COMPILER_GLOBAL_ACCENT_COLOR_NAME = AccentColor;
				CODE_SIGN_STYLE = Automatic;
				CURRENT_PROJECT_VERSION = 1;
				GENERATE_INFOPLIST_FILE = YES;
				INFOPLIST_FILE = sensoryRoom/Info.plist;
				INFOPLIST_KEY_UIApplicationSupportsIndirectInputEvents = YES;
				INFOPLIST_KEY_UILaunchStoryboardName = LaunchScreen;
				INFOPLIST_KEY_UIMainStoryboardFile = Main;
				INFOPLIST_KEY_UISupportedInterfaceOrientations_iPad = "UIInterfaceOrientationPortrait UIInterfaceOrientationPortraitUpsideDown UIInterfaceOrientationLandscapeLeft UIInterfaceOrientationLandscapeRight";
				INFOPLIST_KEY_UISupportedInterfaceOrientations_iPhone = "UIInterfaceOrientationPortrait UIInterfaceOrientationLandscapeLeft UIInterfaceOrientationLandscapeRight";
				LD_RUNPATH_SEARCH_PATHS = (
					"$(inherited)",
					"@executable_path/Frameworks",
				);
				MARKETING_VERSION = 1.0;
				PRODUCT_BUNDLE_IDENTIFIER = KWK.sensoryRoom;
				PRODUCT_NAME = "$(TARGET_NAME)";
				SWIFT_EMIT_LOC_STRINGS = YES;
				SWIFT_VERSION = 5.0;
				TARGETED_DEVICE_FAMILY = "1,2";
			};
			name = Release;
		};
/* End XCBuildConfiguration section */

/* Begin XCConfigurationList section */
		BD65862128AC067E00517552 /* Build configuration list for PBXProject "sensoryRoom" */ = {
			isa = XCConfigurationList;
			buildConfigurations = (
				BD65863B28AC068000517552 /* Debug */,
				BD65863C28AC068000517552 /* Release */,
			);
			defaultConfigurationIsVisible = 0;
			defaultConfigurationName = Release;
		};
		BD65863D28AC068000517552 /* Build configuration list for PBXNativeTarget "sensoryRoom" */ = {
			isa = XCConfigurationList;
			buildConfigurations = (
				BD65863E28AC068000517552 /* Debug */,
				BD65863F28AC068000517552 /* Release */,
			);
			defaultConfigurationIsVisible = 0;
			defaultConfigurationName = Release;
		};
/* End XCConfigurationList section */

/* Begin XCVersionGroup section */
		BD65863228AC067E00517552 /* sensoryRoom.xcdatamodeld */ = {
			isa = XCVersionGroup;
			children = (
				BD65863328AC067E00517552 /* sensoryRoom.xcdatamodel */,
			);
			currentVersion = BD65863328AC067E00517552 /* sensoryRoom.xcdatamodel */;
			path = sensoryRoom.xcdatamodeld;
			sourceTree = "<group>";
			versionGroupType = wrapper.xcdatamodel;
		};
/* End XCVersionGroup section */
	};
	rootObject = BD65861E28AC067E00517552 /* Project object */;
}
